
Microsoft Visual Studio Solution File, Format Version 12.00
# Visual Studio Version 17
VisualStudioVersion = 17.11.35219.272
MinimumVisualStudioVersion = 10.0.40219.1
Project("{FAE04EC0-301F-11D3-BF4B-00C04F79EFBC}") = "SubliColor.Server", "SubliColor.Server\SubliColor.Server.csproj", "{7AA240B5-B71E-46C0-B8E8-710BC632511F}"
EndProject
Project("{54A90642-561A-4BB1-A94E-469ADEE60C69}") = "sublicolor.client", "sublicolor.client\sublicolor.client.esproj", "{93D475F7-94C7-477E-AF57-858C697F6991}"
EndProject
Global
	GlobalSection(SolutionConfigurationPlatforms) = preSolution
		Debug|Any CPU = Debug|Any CPU
		Release|Any CPU = Release|Any CPU
	EndGlobalSection
	GlobalSection(ProjectConfigurationPlatforms) = postSolution
		{7AA240B5-B71E-46C0-B8E8-710BC632511F}.Debug|Any CPU.ActiveCfg = Debug|Any CPU
		{7AA240B5-B71E-46C0-B8E8-710BC632511F}.Debug|Any CPU.Build.0 = Debug|Any CPU
		{7AA240B5-B71E-46C0-B8E8-710BC632511F}.Release|Any CPU.ActiveCfg = Release|Any CPU
		{7AA240B5-B71E-46C0-B8E8-710BC632511F}.Release|Any CPU.Build.0 = Release|Any CPU
		{93D475F7-94C7-477E-AF57-858C697F6991}.Debug|Any CPU.ActiveCfg = Debug|Any CPU
		{93D475F7-94C7-477E-AF57-858C697F6991}.Debug|Any CPU.Build.0 = Debug|Any CPU
		{93D475F7-94C7-477E-AF57-858C697F6991}.Debug|Any CPU.Deploy.0 = Debug|Any CPU
		{93D475F7-94C7-477E-AF57-858C697F6991}.Release|Any CPU.ActiveCfg = Release|Any CPU
		{93D475F7-94C7-477E-AF57-858C697F6991}.Release|Any CPU.Build.0 = Release|Any CPU
		{93D475F7-94C7-477E-AF57-858C697F6991}.Release|Any CPU.Deploy.0 = Release|Any CPU
	EndGlobalSection
	GlobalSection(SolutionProperties) = preSolution
		HideSolutionNode = FALSE
	EndGlobalSection
	GlobalSection(ExtensibilityGlobals) = postSolution
		SolutionGuid = {A8F7FC33-86A7-4A7E-8F0F-F0B6A71E8240}
	EndGlobalSection
EndGlobal
