
Microsoft Visual Studio Solution File, Format Version 12.00
# Visual Studio Version 17
VisualStudioVersion = 17.14.36414.22 d17.14
MinimumVisualStudioVersion = 10.0.40219.1
Project("{54A90642-561A-4BB1-A94E-469ADEE60C69}") = "sublicolor.client", "sublicolor.client\sublicolor.client.esproj", "{16D7F44A-2279-9053-E6EF-569F0081BED0}"
EndProject
Project("{FAE04EC0-301F-11D3-BF4B-00C04F79EFBC}") = "SubliColor.Server", "SubliColor.Server\SubliColor.Server.csproj", "{D4412F64-0E23-42C7-A7EC-3B14FBAADE39}"
EndProject
Global
	GlobalSection(SolutionConfigurationPlatforms) = preSolution
		Debug|Any CPU = Debug|Any CPU
		Release|Any CPU = Release|Any CPU
	EndGlobalSection
	GlobalSection(ProjectConfigurationPlatforms) = postSolution
		{16D7F44A-2279-9053-E6EF-569F0081BED0}.Debug|Any CPU.ActiveCfg = Debug|Any CPU
		{16D7F44A-2279-9053-E6EF-569F0081BED0}.Debug|Any CPU.Build.0 = Debug|Any CPU
		{16D7F44A-2279-9053-E6EF-569F0081BED0}.Debug|Any CPU.Deploy.0 = Debug|Any CPU
		{16D7F44A-2279-9053-E6EF-569F0081BED0}.Release|Any CPU.ActiveCfg = Release|Any CPU
		{16D7F44A-2279-9053-E6EF-569F0081BED0}.Release|Any CPU.Build.0 = Release|Any CPU
		{16D7F44A-2279-9053-E6EF-569F0081BED0}.Release|Any CPU.Deploy.0 = Release|Any CPU
		{D4412F64-0E23-42C7-A7EC-3B14FBAADE39}.Debug|Any CPU.ActiveCfg = Debug|Any CPU
		{D4412F64-0E23-42C7-A7EC-3B14FBAADE39}.Debug|Any CPU.Build.0 = Debug|Any CPU
		{D4412F64-0E23-42C7-A7EC-3B14FBAADE39}.Release|Any CPU.ActiveCfg = Release|Any CPU
		{D4412F64-0E23-42C7-A7EC-3B14FBAADE39}.Release|Any CPU.Build.0 = Release|Any CPU
	EndGlobalSection
	GlobalSection(SolutionProperties) = preSolution
		HideSolutionNode = FALSE
	EndGlobalSection
	GlobalSection(ExtensibilityGlobals) = postSolution
		SolutionGuid = {3C0E758B-FD09-4B77-A89D-3BCFD117FDE2}
	EndGlobalSection
EndGlobal
